
Microsoft Visual Studio Solution File, Format Version 12.00
# Visual Studio Version 17
VisualStudioVersion = 17.5.33516.290
MinimumVisualStudioVersion = 10.0.40219.1
Project("{FAE04EC0-301F-11D3-BF4B-00C04F79EFBC}") = "Parcial.consola", "Parcial.consola\Parcial.consola.csproj", "{5857C065-9AE8-4BC2-9D99-9F814D0A5157}"
EndProject
Global
	GlobalSection(SolutionConfigurationPlatforms) = preSolution
		Debug|Any CPU = Debug|Any CPU
		Release|Any CPU = Release|Any CPU
	EndGlobalSection
	GlobalSection(ProjectConfigurationPlatforms) = postSolution
		{5857C065-9AE8-4BC2-9D99-9F814D0A5157}.Debug|Any CPU.ActiveCfg = Debug|Any CPU
		{5857C065-9AE8-4BC2-9D99-9F814D0A5157}.Debug|Any CPU.Build.0 = Debug|Any CPU
		{5857C065-9AE8-4BC2-9D99-9F814D0A5157}.Release|Any CPU.ActiveCfg = Release|Any CPU
		{5857C065-9AE8-4BC2-9D99-9F814D0A5157}.Release|Any CPU.Build.0 = Release|Any CPU
	EndGlobalSection
	GlobalSection(SolutionProperties) = preSolution
		HideSolutionNode = FALSE
	EndGlobalSection
	GlobalSection(ExtensibilityGlobals) = postSolution
		SolutionGuid = {5CB10895-A895-4F40-A3C4-50D0BC433181}
	EndGlobalSection
EndGlobal
